
Microsoft Visual Studio Solution File, Format Version 12.00
# Visual Studio Version 17
VisualStudioVersion = 17.12.35707.178
MinimumVisualStudioVersion = 10.0.40219.1
Project("{FAE04EC0-301F-11D3-BF4B-00C04F79EFBC}") = "MVC_Project", "MVC_Project\MVC_Project.csproj", "{6285ABBF-AB71-B082-AB44-1D420629D433}"
EndProject
Project("{FAE04EC0-301F-11D3-BF4B-00C04F79EFBC}") = "CarRentalAPI", "CarRentalAPI\CarRentalAPI.csproj", "{D0D9DD0A-0451-CB68-011D-76D006EAA5C1}"
EndProject
Project("{FAE04EC0-301F-11D3-BF4B-00C04F79EFBC}") = "CarRentalsClassLibrary", "CarRentalsClassLibrary\CarRentalsClassLibrary.csproj", "{6EEE4D89-6E87-6005-4538-3EE029E7A7E0}"
EndProject
Global
	GlobalSection(SolutionConfigurationPlatforms) = preSolution
		Debug|Any CPU = Debug|Any CPU
		Release|Any CPU = Release|Any CPU
	EndGlobalSection
	GlobalSection(ProjectConfigurationPlatforms) = postSolution
		{6285ABBF-AB71-B082-AB44-1D420629D433}.Debug|Any CPU.ActiveCfg = Debug|Any CPU
		{6285ABBF-AB71-B082-AB44-1D420629D433}.Debug|Any CPU.Build.0 = Debug|Any CPU
		{6285ABBF-AB71-B082-AB44-1D420629D433}.Release|Any CPU.ActiveCfg = Release|Any CPU
		{6285ABBF-AB71-B082-AB44-1D420629D433}.Release|Any CPU.Build.0 = Release|Any CPU
		{D0D9DD0A-0451-CB68-011D-76D006EAA5C1}.Debug|Any CPU.ActiveCfg = Debug|Any CPU
		{D0D9DD0A-0451-CB68-011D-76D006EAA5C1}.Debug|Any CPU.Build.0 = Debug|Any CPU
		{D0D9DD0A-0451-CB68-011D-76D006EAA5C1}.Release|Any CPU.ActiveCfg = Release|Any CPU
		{D0D9DD0A-0451-CB68-011D-76D006EAA5C1}.Release|Any CPU.Build.0 = Release|Any CPU
		{6EEE4D89-6E87-6005-4538-3EE029E7A7E0}.Debug|Any CPU.ActiveCfg = Debug|Any CPU
		{6EEE4D89-6E87-6005-4538-3EE029E7A7E0}.Debug|Any CPU.Build.0 = Debug|Any CPU
		{6EEE4D89-6E87-6005-4538-3EE029E7A7E0}.Release|Any CPU.ActiveCfg = Release|Any CPU
		{6EEE4D89-6E87-6005-4538-3EE029E7A7E0}.Release|Any CPU.Build.0 = Release|Any CPU
	EndGlobalSection
	GlobalSection(SolutionProperties) = preSolution
		HideSolutionNode = FALSE
	EndGlobalSection
	GlobalSection(ExtensibilityGlobals) = postSolution
		SolutionGuid = {DE9377C5-EE71-443F-8F77-D6BEA929DDEF}
	EndGlobalSection
EndGlobal
